{
  "projects": [
    {
      "projectId": "caTPwKxj5ZrD9LQ7DMdK4Z",
      "version": "2.2.1",
      "dependencies": {},
      "lang": "js",
      "fileLocks": [
        {
          "type": "globalVariant",
          "assetId": "q2e6W8ulGYz",
          "checksum": "c0cddb7dd09c65236628d522d52af1a3"
        },
        {
          "assetId": "caTPwKxj5ZrD9LQ7DMdK4Z",
          "type": "projectCss",
          "checksum": "01ebcf70a051dcbfad8268ecd0dac58a"
        }
      ],
      "codegenVersion": "0.0.1"
    },
    {
      "projectId": "28Ba3BDvRe7EiWdfFNnLB6",
      "version": "2.0.1",
      "dependencies": {},
      "lang": "js",
      "fileLocks": [
        {
          "assetId": "28Ba3BDvRe7EiWdfFNnLB6",
          "type": "projectCss",
          "checksum": "06dab28be1d7e0fe1dcd6bae7d78adeb"
        }
      ],
      "codegenVersion": "0.0.1"
    },
    {
      "projectId": "68FsTXs8g8hH9RGmk7R9kt",
      "version": "latest",
      "dependencies": {
        "28Ba3BDvRe7EiWdfFNnLB6": "2.0.1",
        "caTPwKxj5ZrD9LQ7DMdK4Z": "2.2.1"
      },
      "lang": "js",
      "fileLocks": [
        {
          "type": "globalVariant",
          "assetId": "cBW7D7Qad3hNX",
          "checksum": "f68d8e47e9ed6eb5143740858da79882"
        },
        {
          "type": "renderModule",
          "assetId": "ZhuiKuGGUWMDw",
          "checksum": "a0e4e6f1283267f113fea079bb9cda2b"
        },
        {
          "type": "cssRules",
          "assetId": "ZhuiKuGGUWMDw",
          "checksum": "a0e4e6f1283267f113fea079bb9cda2b"
        },
        {
          "type": "renderModule",
          "assetId": "8nPGFfvsmr",
          "checksum": "49d1cba9cf5871e06d6bce71f1670144"
        },
        {
          "type": "cssRules",
          "assetId": "8nPGFfvsmr",
          "checksum": "49d1cba9cf5871e06d6bce71f1670144"
        },
        {
          "type": "renderModule",
          "assetId": "TXomS-bimx",
          "checksum": "945fdbb6c5da5e47ff42c2a4f2390c6a"
        },
        {
          "type": "cssRules",
          "assetId": "TXomS-bimx",
          "checksum": "945fdbb6c5da5e47ff42c2a4f2390c6a"
        },
        {
          "type": "renderModule",
          "assetId": "T5OQ3DDo9hy",
          "checksum": "fe5fadc8016fa1ec597941ceb35f30cf"
        },
        {
          "type": "cssRules",
          "assetId": "T5OQ3DDo9hy",
          "checksum": "fe5fadc8016fa1ec597941ceb35f30cf"
        },
        {
          "type": "renderModule",
          "assetId": "JBOh-oHa-gy",
          "checksum": "2a3ada1abc2233ef24524c5f99db291f"
        },
        {
          "type": "cssRules",
          "assetId": "JBOh-oHa-gy",
          "checksum": "2a3ada1abc2233ef24524c5f99db291f"
        },
        {
          "type": "icon",
          "assetId": "ns_Y2zNP7wnx7",
          "checksum": "aa3da48ef6efba459b29de48bf8847b2"
        },
        {
          "type": "icon",
          "assetId": "1gmmOnHwdaJ39",
          "checksum": "73951f67984bf740ede813e438ae8dd0"
        },
        {
          "type": "icon",
          "assetId": "4JK6IL28cdMlD",
          "checksum": "480788047f74db29d824b04b14b3edfd"
        },
        {
          "type": "icon",
          "assetId": "ipUkTDoO7yD",
          "checksum": "f13ffab886682bdd079c68ac64cf890d"
        },
        {
          "type": "icon",
          "assetId": "hY75ayaGijS",
          "checksum": "7b38539fec4561153872f4ae04b13fe4"
        },
        {
          "type": "icon",
          "assetId": "D7K-_Ge4KXr",
          "checksum": "f027190a4fff3b35c2332bfaf47fe6eb"
        },
        {
          "type": "image",
          "assetId": "9Zn8ePRZi",
          "checksum": "6b8191376ae65c996d0b73f749386da9"
        },
        {
          "type": "image",
          "assetId": "rk65yIgiL",
          "checksum": "7f11bdd1479c94031905087aa1899e3e"
        },
        {
          "type": "image",
          "assetId": "0bLHBhNvX",
          "checksum": "5ca1f82b323683a919495efdbc3e01f7"
        },
        {
          "type": "image",
          "assetId": "Ou893Rd5Y",
          "checksum": "a43591f730bec4126af5d39eb737dc66"
        },
        {
          "type": "image",
          "assetId": "XMJl_F5Xp",
          "checksum": "9774f6c290b088efd9b007ce7e9368f9"
        },
        {
          "type": "image",
          "assetId": "rwrx5SKHT",
          "checksum": "14982d73a11c76911c127f3537648583"
        },
        {
          "type": "image",
          "assetId": "rq3qavaZX",
          "checksum": "e628f44ffaec933e29e80ff3a21e0a2a"
        },
        {
          "type": "image",
          "assetId": "mdI3kZAzV",
          "checksum": "26fa496c59d63d43c0a1d638d8e7502a"
        },
        {
          "type": "image",
          "assetId": "b82Fc1TA3",
          "checksum": "5e065a2389d00df239b5e32fff0b479b"
        },
        {
          "type": "image",
          "assetId": "I9t0PSSpY",
          "checksum": "a36d4aeb448c3ab3dc526e61071c0fab"
        },
        {
          "type": "image",
          "assetId": "C8ujzl7Nd",
          "checksum": "13bd4b31afcfee3b6d05f722d0fba572"
        },
        {
          "type": "image",
          "assetId": "6A6NQ4acO",
          "checksum": "5cf54fa0c9fc017486853454499d0a01"
        },
        {
          "type": "image",
          "assetId": "yk_J-ooV4",
          "checksum": "f407d8fe2bfcf46a2eb5ca5df5400c8e"
        },
        {
          "type": "image",
          "assetId": "oatAsY-LW",
          "checksum": "6191a525699291aacc4916a94f4a4e35"
        },
        {
          "type": "image",
          "assetId": "k1TCnS-Tv",
          "checksum": "b4cebf979bebb6d8cc4022103e09d990"
        },
        {
          "assetId": "68FsTXs8g8hH9RGmk7R9kt",
          "type": "projectCss",
          "checksum": "8c0670ba37404a89855a1c54c4532a05"
        }
      ],
      "codegenVersion": "0.0.1"
    }
  ],
  "cliVersion": "0.1.176"
}
